
Microsoft Visual Studio Solution File, Format Version 10.00
# Visual Studio 2008
Project("{FAE04EC0-301F-11D3-BF4B-00C04F79EFBC}") = "WebServcer", "WebServcer\WebServcer.csproj", "{A11A66E0-822E-4D29-943F-E3530A132C1F}"
EndProject
Global
	GlobalSection(SolutionConfigurationPlatforms) = preSolution
		Debug|Any CPU = Debug|Any CPU
		Release|Any CPU = Release|Any CPU
	EndGlobalSection
	GlobalSection(ProjectConfigurationPlatforms) = postSolution
		{A11A66E0-822E-4D29-943F-E3530A132C1F}.Debug|Any CPU.ActiveCfg = Debug|Any CPU
		{A11A66E0-822E-4D29-943F-E3530A132C1F}.Debug|Any CPU.Build.0 = Debug|Any CPU
		{A11A66E0-822E-4D29-943F-E3530A132C1F}.Release|Any CPU.ActiveCfg = Release|Any CPU
		{A11A66E0-822E-4D29-943F-E3530A132C1F}.Release|Any CPU.Build.0 = Release|Any CPU
	EndGlobalSection
	GlobalSection(SolutionProperties) = preSolution
		HideSolutionNode = FALSE
	EndGlobalSection
EndGlobal
